
Microsoft Visual Studio Solution File, Format Version 12.00
# Visual Studio Version 17
VisualStudioVersion = 17.14.36623.8 d17.14
MinimumVisualStudioVersion = 10.0.40219.1
Project("{888888A0-9F3D-457C-B088-3A5042F75D52}") = "SheBot", "SheBot\SheBot.pyproj", "{3ADEF217-2827-4AF1-BFBD-6C2327F14158}"
EndProject
Global
	GlobalSection(SolutionConfigurationPlatforms) = preSolution
		Debug|Any CPU = Debug|Any CPU
		Release|Any CPU = Release|Any CPU
	EndGlobalSection
	GlobalSection(ProjectConfigurationPlatforms) = postSolution
		{3ADEF217-2827-4AF1-BFBD-6C2327F14158}.Debug|Any CPU.ActiveCfg = Debug|Any CPU
		{3ADEF217-2827-4AF1-BFBD-6C2327F14158}.Release|Any CPU.ActiveCfg = Release|Any CPU
	EndGlobalSection
	GlobalSection(SolutionProperties) = preSolution
		HideSolutionNode = FALSE
	EndGlobalSection
	GlobalSection(ExtensibilityGlobals) = postSolution
		SolutionGuid = {C1214AE0-6914-4000-8837-9E6C3F9045A4}
	EndGlobalSection
EndGlobal
